
Microsoft Visual Studio Solution File, Format Version 12.00
# Visual Studio Version 16
VisualStudioVersion = 16.0.29519.181
MinimumVisualStudioVersion = 10.0.40219.1
Project("{FAE04EC0-301F-11D3-BF4B-00C04F79EFBC}") = "SocialLoginApi", "SocialLoginApi\SocialLoginApi.csproj", "{4CD366DF-DD31-4766-8757-E56E52588420}"
EndProject
Global
	GlobalSection(SolutionConfigurationPlatforms) = preSolution
		Debug|Any CPU = Debug|Any CPU
		Release|Any CPU = Release|Any CPU
	EndGlobalSection
	GlobalSection(ProjectConfigurationPlatforms) = postSolution
		{4CD366DF-DD31-4766-8757-E56E52588420}.Debug|Any CPU.ActiveCfg = Debug|Any CPU
		{4CD366DF-DD31-4766-8757-E56E52588420}.Debug|Any CPU.Build.0 = Debug|Any CPU
		{4CD366DF-DD31-4766-8757-E56E52588420}.Release|Any CPU.ActiveCfg = Release|Any CPU
		{4CD366DF-DD31-4766-8757-E56E52588420}.Release|Any CPU.Build.0 = Release|Any CPU
	EndGlobalSection
	GlobalSection(SolutionProperties) = preSolution
		HideSolutionNode = FALSE
	EndGlobalSection
	GlobalSection(ExtensibilityGlobals) = postSolution
		SolutionGuid = {D6D8CFDB-0A36-400B-9CB3-2D681795FFBF}
	EndGlobalSection
EndGlobal
